// !$*UTF8*$!
{
	archiveVersion = 1;
	classes = {
	};
	objectVersion = 55;
	objects = {

/* Begin PBXBuildFile section */
		B98CDD99278D395F008E5B79 /* AppDelegate.swift in Sources */ = {isa = PBXBuildFile; fileRef = B98CDD98278D395F008E5B79 /* AppDelegate.swift */; };
		B98CDD9B278D395F008E5B79 /* SceneDelegate.swift in Sources */ = {isa = PBXBuildFile; fileRef = B98CDD9A278D395F008E5B79 /* SceneDelegate.swift */; };
		B98CDD9D278D395F008E5B79 /* ViewController.swift in Sources */ = {isa = PBXBuildFile; fileRef = B98CDD9C278D395F008E5B79 /* ViewController.swift */; };
		B98CDDA0278D395F008E5B79 /* Main.storyboard in Resources */ = {isa = PBXBuildFile; fileRef = B98CDD9E278D395F008E5B79 /* Main.storyboard */; };
		B98CDDA3278D395F008E5B79 /* ContactJSC.xcdatamodeld in Sources */ = {isa = PBXBuildFile; fileRef = B98CDDA1278D395F008E5B79 /* ContactJSC.xcdatamodeld */; };
		B98CDDA5278D3961008E5B79 /* Assets.xcassets in Resources */ = {isa = PBXBuildFile; fileRef = B98CDDA4278D3961008E5B79 /* Assets.xcassets */; };
		B98CDDA8278D3961008E5B79 /* LaunchScreen.storyboard in Resources */ = {isa = PBXBuildFile; fileRef = B98CDDA6278D3961008E5B79 /* LaunchScreen.storyboard */; };
		B98CDDB2278D3C9E008E5B79 /* ContactTableViewCell.swift in Sources */ = {isa = PBXBuildFile; fileRef = B98CDDB1278D3C9E008E5B79 /* ContactTableViewCell.swift */; };
		B98CDDB4278D3CB5008E5B79 /* ContactTableViewCell.xib in Resources */ = {isa = PBXBuildFile; fileRef = B98CDDB3278D3CB5008E5B79 /* ContactTableViewCell.xib */; };
		B98CDDB6278D3E76008E5B79 /* ContactModel.swift in Sources */ = {isa = PBXBuildFile; fileRef = B98CDDB5278D3E76008E5B79 /* ContactModel.swift */; };
/* End PBXBuildFile section */

/* Begin PBXFileReference section */
		B98CDD95278D395F008E5B79 /* ContactJSC.app */ = {isa = PBXFileReference; explicitFileType = wrapper.application; includeInIndex = 0; path = ContactJSC.app; sourceTree = BUILT_PRODUCTS_DIR; };
		B98CDD98278D395F008E5B79 /* AppDelegate.swift */ = {isa = PBXFileReference; lastKnownFileType = sourcecode.swift; path = AppDelegate.swift; sourceTree = "<group>"; };
		B98CDD9A278D395F008E5B79 /* SceneDelegate.swift */ = {isa = PBXFileReference; lastKnownFileType = sourcecode.swift; path = SceneDelegate.swift; sourceTree = "<group>"; };
		B98CDD9C278D395F008E5B79 /* ViewController.swift */ = {isa = PBXFileReference; lastKnownFileType = sourcecode.swift; path = ViewController.swift; sourceTree = "<group>"; };
		B98CDD9F278D395F008E5B79 /* Base */ = {isa = PBXFileReference; lastKnownFileType = file.storyboard; name = Base; path = Base.lproj/Main.storyboard; sourceTree = "<group>"; };
		B98CDDA2278D395F008E5B79 /* ContactJSC.xcdatamodel */ = {isa = PBXFileReference; lastKnownFileType = wrapper.xcdatamodel; path = ContactJSC.xcdatamodel; sourceTree = "<group>"; };
		B98CDDA4278D3961008E5B79 /* Assets.xcassets */ = {isa = PBXFileReference; lastKnownFileType = folder.assetcatalog; path = Assets.xcassets; sourceTree = "<group>"; };
		B98CDDA7278D3961008E5B79 /* Base */ = {isa = PBXFileReference; lastKnownFileType = file.storyboard; name = Base; path = Base.lproj/LaunchScreen.storyboard; sourceTree = "<group>"; };
		B98CDDA9278D3961008E5B79 /* Info.plist */ = {isa = PBXFileReference; lastKnownFileType = text.plist.xml; path = Info.plist; sourceTree = "<group>"; };
		B98CDDB1278D3C9E008E5B79 /* ContactTableViewCell.swift */ = {isa = PBXFileReference; lastKnownFileType = sourcecode.swift; path = ContactTableViewCell.swift; sourceTree = "<group>"; };
		B98CDDB3278D3CB5008E5B79 /* ContactTableViewCell.xib */ = {isa = PBXFileReference; lastKnownFileType = file.xib; path = ContactTableViewCell.xib; sourceTree = "<group>"; };
		B98CDDB5278D3E76008E5B79 /* ContactModel.swift */ = {isa = PBXFileReference; lastKnownFileType = sourcecode.swift; path = ContactModel.swift; sourceTree = "<group>"; };
/* End PBXFileReference section */

/* Begin PBXFrameworksBuildPhase section */
		B98CDD92278D395F008E5B79 /* Frameworks */ = {
			isa = PBXFrameworksBuildPhase;
			buildActionMask = 2147483647;
			files = (
			);
			runOnlyForDeploymentPostprocessing = 0;
		};
/* End PBXFrameworksBuildPhase section */

/* Begin PBXGroup section */
		B98CDD8C278D395F008E5B79 = {
			isa = PBXGroup;
			children = (
				B98CDD97278D395F008E5B79 /* ContactJSC */,
				B98CDD96278D395F008E5B79 /* Products */,
			);
			sourceTree = "<group>";
		};
		B98CDD96278D395F008E5B79 /* Products */ = {
			isa = PBXGroup;
			children = (
				B98CDD95278D395F008E5B79 /* ContactJSC.app */,
			);
			name = Products;
			sourceTree = "<group>";
		};
		B98CDD97278D395F008E5B79 /* ContactJSC */ = {
			isa = PBXGroup;
			children = (
				B98CDD98278D395F008E5B79 /* AppDelegate.swift */,
				B98CDD9A278D395F008E5B79 /* SceneDelegate.swift */,
				B98CDDAF278D3BCA008E5B79 /* Model */,
				B98CDDB0278D3BD0008E5B79 /* View */,
				B98CDD9C278D395F008E5B79 /* ViewController.swift */,
				B98CDDA4278D3961008E5B79 /* Assets.xcassets */,
				B98CDDA6278D3961008E5B79 /* LaunchScreen.storyboard */,
				B98CDDA9278D3961008E5B79 /* Info.plist */,
				B98CDDA1278D395F008E5B79 /* ContactJSC.xcdatamodeld */,
			);
			path = ContactJSC;
			sourceTree = "<group>";
		};
		B98CDDAF278D3BCA008E5B79 /* Model */ = {
			isa = PBXGroup;
			children = (
				B98CDDB5278D3E76008E5B79 /* ContactModel.swift */,
			);
			path = Model;
			sourceTree = "<group>";
		};
		B98CDDB0278D3BD0008E5B79 /* View */ = {
			isa = PBXGroup;
			children = (
				B98CDD9E278D395F008E5B79 /* Main.storyboard */,
				B98CDDB3278D3CB5008E5B79 /* ContactTableViewCell.xib */,
				B98CDDB1278D3C9E008E5B79 /* ContactTableViewCell.swift */,
			);
			path = View;
			sourceTree = "<group>";
		};
/* End PBXGroup section */

/* Begin PBXNativeTarget section */
		B98CDD94278D395F008E5B79 /* ContactJSC */ = {
			isa = PBXNativeTarget;
			buildConfigurationList = B98CDDAC278D3961008E5B79 /* Build configuration list for PBXNativeTarget "ContactJSC" */;
			buildPhases = (
				B98CDD91278D395F008E5B79 /* Sources */,
				B98CDD92278D395F008E5B79 /* Frameworks */,
				B98CDD93278D395F008E5B79 /* Resources */,
			);
			buildRules = (
			);
			dependencies = (
			);
			name = ContactJSC;
			productName = ContactJSC;
			productReference = B98CDD95278D395F008E5B79 /* ContactJSC.app */;
			productType = "com.apple.product-type.application";
		};
/* End PBXNativeTarget section */

/* Begin PBXProject section */
		B98CDD8D278D395F008E5B79 /* Project object */ = {
			isa = PBXProject;
			attributes = {
				BuildIndependentTargetsInParallel = 1;
				LastSwiftUpdateCheck = 1310;
				LastUpgradeCheck = 1310;
				TargetAttributes = {
					B98CDD94278D395F008E5B79 = {
						CreatedOnToolsVersion = 13.1;
					};
				};
			};
			buildConfigurationList = B98CDD90278D395F008E5B79 /* Build configuration list for PBXProject "ContactJSC" */;
			compatibilityVersion = "Xcode 13.0";
			developmentRegion = en;
			hasScannedForEncodings = 0;
			knownRegions = (
				en,
				Base,
			);
			mainGroup = B98CDD8C278D395F008E5B79;
			productRefGroup = B98CDD96278D395F008E5B79 /* Products */;
			projectDirPath = "";
			projectRoot = "";
			targets = (
				B98CDD94278D395F008E5B79 /* ContactJSC */,
			);
		};
/* End PBXProject section */

/* Begin PBXResourcesBuildPhase section */
		B98CDD93278D395F008E5B79 /* Resources */ = {
			isa = PBXResourcesBuildPhase;
			buildActionMask = 2147483647;
			files = (
				B98CDDB4278D3CB5008E5B79 /* ContactTableViewCell.xib in Resources */,
				B98CDDA8278D3961008E5B79 /* LaunchScreen.storyboard in Resources */,
				B98CDDA5278D3961008E5B79 /* Assets.xcassets in Resources */,
				B98CDDA0278D395F008E5B79 /* Main.storyboard in Resources */,
			);
			runOnlyForDeploymentPostprocessing = 0;
		};
/* End PBXResourcesBuildPhase section */

/* Begin PBXSourcesBuildPhase section */
		B98CDD91278D395F008E5B79 /* Sources */ = {
			isa = PBXSourcesBuildPhase;
			buildActionMask = 2147483647;
			files = (
				B98CDD9D278D395F008E5B79 /* ViewController.swift in Sources */,
				B98CDDB2278D3C9E008E5B79 /* ContactTableViewCell.swift in Sources */,
				B98CDDB6278D3E76008E5B79 /* ContactModel.swift in Sources */,
				B98CDD99278D395F008E5B79 /* AppDelegate.swift in Sources */,
				B98CDD9B278D395F008E5B79 /* SceneDelegate.swift in Sources */,
				B98CDDA3278D395F008E5B79 /* ContactJSC.xcdatamodeld in Sources */,
			);
			runOnlyForDeploymentPostprocessing = 0;
		};
/* End PBXSourcesBuildPhase section */

/* Begin PBXVariantGroup section */
		B98CDD9E278D395F008E5B79 /* Main.storyboard */ = {
			isa = PBXVariantGroup;
			children = (
				B98CDD9F278D395F008E5B79 /* Base */,
			);
			name = Main.storyboard;
			sourceTree = "<group>";
		};
		B98CDDA6278D3961008E5B79 /* LaunchScreen.storyboard */ = {
			isa = PBXVariantGroup;
			children = (
				B98CDDA7278D3961008E5B79 /* Base */,
			);
			name = LaunchScreen.storyboard;
			sourceTree = "<group>";
		};
/* End PBXVariantGroup section */

/* Begin XCBuildConfiguration section */
		B98CDDAA278D3961008E5B79 /* Debug */ = {
			isa = XCBuildConfiguration;
			buildSettings = {
				ALWAYS_SEARCH_USER_PATHS = NO;
				CLANG_ANALYZER_NONNULL = YES;
				CLANG_ANALYZER_NUMBER_OBJECT_CONVERSION = YES_AGGRESSIVE;
				CLANG_CXX_LANGUAGE_STANDARD = "gnu++17";
				CLANG_CXX_LIBRARY = "libc++";
				CLANG_ENABLE_MODULES = YES;
				CLANG_ENABLE_OBJC_ARC = YES;
				CLANG_ENABLE_OBJC_WEAK = YES;
				CLANG_WARN_BLOCK_CAPTURE_AUTORELEASING = YES;
				CLANG_WARN_BOOL_CONVERSION = YES;
				CLANG_WARN_COMMA = YES;
				CLANG_WARN_CONSTANT_CONVERSION = YES;
				CLANG_WARN_DEPRECATED_OBJC_IMPLEMENTATIONS = YES;
				CLANG_WARN_DIRECT_OBJC_ISA_USAGE = YES_ERROR;
				CLANG_WARN_DOCUMENTATION_COMMENTS = YES;
				CLANG_WARN_EMPTY_BODY = YES;
				CLANG_WARN_ENUM_CONVERSION = YES;
				CLANG_WARN_INFINITE_RECURSION = YES;
				CLANG_WARN_INT_CONVERSION = YES;
				CLANG_WARN_NON_LITERAL_NULL_CONVERSION = YES;
				CLANG_WARN_OBJC_IMPLICIT_RETAIN_SELF = YES;
				CLANG_WARN_OBJC_LITERAL_CONVERSION = YES;
				CLANG_WARN_OBJC_ROOT_CLASS = YES_ERROR;
				CLANG_WARN_QUOTED_INCLUDE_IN_FRAMEWORK_HEADER = YES;
				CLANG_WARN_RANGE_LOOP_ANALYSIS = YES;
				CLANG_WARN_STRICT_PROTOTYPES = YES;
				CLANG_WARN_SUSPICIOUS_MOVE = YES;
				CLANG_WARN_UNGUARDED_AVAILABILITY = YES_AGGRESSIVE;
				CLANG_WARN_UNREACHABLE_CODE = YES;
				CLANG_WARN__DUPLICATE_METHOD_MATCH = YES;
				COPY_PHASE_STRIP = NO;
				DEBUG_INFORMATION_FORMAT = dwarf;
				ENABLE_STRICT_OBJC_MSGSEND = YES;
				ENABLE_TESTABILITY = YES;
				GCC_C_LANGUAGE_STANDARD = gnu11;
				GCC_DYNAMIC_NO_PIC = NO;
				GCC_NO_COMMON_BLOCKS = YES;
				GCC_OPTIMIZATION_LEVEL = 0;
				GCC_PREPROCESSOR_DEFINITIONS = (
					"DEBUG=1",
					"$(inherited)",
				);
				GCC_WARN_64_TO_32_BIT_CONVERSION = YES;
				GCC_WARN_ABOUT_RETURN_TYPE = YES_ERROR;
				GCC_WARN_UNDECLARED_SELECTOR = YES;
				GCC_WARN_UNINITIALIZED_AUTOS = YES_AGGRESSIVE;
				GCC_WARN_UNUSED_FUNCTION = YES;
				GCC_WARN_UNUSED_VARIABLE = YES;
				IPHONEOS_DEPLOYMENT_TARGET = 15.0;
				MTL_ENABLE_DEBUG_INFO = INCLUDE_SOURCE;
				MTL_FAST_MATH = YES;
				ONLY_ACTIVE_ARCH = YES;
				SDKROOT = iphoneos;
				SWIFT_ACTIVE_COMPILATION_CONDITIONS = DEBUG;
				SWIFT_OPTIMIZATION_LEVEL = "-Onone";
			};
			name = Debug;
		};
		B98CDDAB278D3961008E5B79 /* Release */ = {
			isa = XCBuildConfiguration;
			buildSettings = {
				ALWAYS_SEARCH_USER_PATHS = NO;
				CLANG_ANALYZER_NONNULL = YES;
				CLANG_ANALYZER_NUMBER_OBJECT_CONVERSION = YES_AGGRESSIVE;
				CLANG_CXX_LANGUAGE_STANDARD = "gnu++17";
				CLANG_CXX_LIBRARY = "libc++";
				CLANG_ENABLE_MODULES = YES;
				CLANG_ENABLE_OBJC_ARC = YES;
				CLANG_ENABLE_OBJC_WEAK = YES;
				CLANG_WARN_BLOCK_CAPTURE_AUTORELEASING = YES;
				CLANG_WARN_BOOL_CONVERSION = YES;
				CLANG_WARN_COMMA = YES;
				CLANG_WARN_CONSTANT_CONVERSION = YES;
				CLANG_WARN_DEPRECATED_OBJC_IMPLEMENTATIONS = YES;
				CLANG_WARN_DIRECT_OBJC_ISA_USAGE = YES_ERROR;
				CLANG_WARN_DOCUMENTATION_COMMENTS = YES;
				CLANG_WARN_EMPTY_BODY = YES;
				CLANG_WARN_ENUM_CONVERSION = YES;
				CLANG_WARN_INFINITE_RECURSION = YES;
				CLANG_WARN_INT_CONVERSION = YES;
				CLANG_WARN_NON_LITERAL_NULL_CONVERSION = YES;
				CLANG_WARN_OBJC_IMPLICIT_RETAIN_SELF = YES;
				CLANG_WARN_OBJC_LITERAL_CONVERSION = YES;
				CLANG_WARN_OBJC_ROOT_CLASS = YES_ERROR;
				CLANG_WARN_QUOTED_INCLUDE_IN_FRAMEWORK_HEADER = YES;
				CLANG_WARN_RANGE_LOOP_ANALYSIS = YES;
				CLANG_WARN_STRICT_PROTOTYPES = YES;
				CLANG_WARN_SUSPICIOUS_MOVE = YES;
				CLANG_WARN_UNGUARDED_AVAILABILITY = YES_AGGRESSIVE;
				CLANG_WARN_UNREACHABLE_CODE = YES;
				CLANG_WARN__DUPLICATE_METHOD_MATCH = YES;
				COPY_PHASE_STRIP = NO;
				DEBUG_INFORMATION_FORMAT = "dwarf-with-dsym";
				ENABLE_NS_ASSERTIONS = NO;
				ENABLE_STRICT_OBJC_MSGSEND = YES;
				GCC_C_LANGUAGE_STANDARD = gnu11;
				GCC_NO_COMMON_BLOCKS = YES;
				GCC_WARN_64_TO_32_BIT_CONVERSION = YES;
				GCC_WARN_ABOUT_RETURN_TYPE = YES_ERROR;
				GCC_WARN_UNDECLARED_SELECTOR = YES;
				GCC_WARN_UNINITIALIZED_AUTOS = YES_AGGRESSIVE;
				GCC_WARN_UNUSED_FUNCTION = YES;
				GCC_WARN_UNUSED_VARIABLE = YES;
				IPHONEOS_DEPLOYMENT_TARGET = 15.0;
				MTL_ENABLE_DEBUG_INFO = NO;
				MTL_FAST_MATH = YES;
				SDKROOT = iphoneos;
				SWIFT_COMPILATION_MODE = wholemodule;
				SWIFT_OPTIMIZATION_LEVEL = "-O";
				VALIDATE_PRODUCT = YES;
			};
			name = Release;
		};
		B98CDDAD278D3961008E5B79 /* Debug */ = {
			isa = XCBuildConfiguration;
			buildSettings = {
				ASSETCATALOG_COMPILER_APPICON_NAME = AppIcon;
				ASSETCATALOG_COMPILER_GLOBAL_ACCENT_COLOR_NAME = AccentColor;
				CODE_SIGN_STYLE = Automatic;
				CURRENT_PROJECT_VERSION = 1;
				DEVELOPMENT_TEAM = J2XRY9468X;
				GENERATE_INFOPLIST_FILE = YES;
				INFOPLIST_FILE = ContactJSC/Info.plist;
				INFOPLIST_KEY_UIApplicationSupportsIndirectInputEvents = YES;
				INFOPLIST_KEY_UILaunchStoryboardName = LaunchScreen;
				INFOPLIST_KEY_UIMainStoryboardFile = Main;
				INFOPLIST_KEY_UISupportedInterfaceOrientations_iPad = "UIInterfaceOrientationPortrait UIInterfaceOrientationPortraitUpsideDown UIInterfaceOrientationLandscapeLeft UIInterfaceOrientationLandscapeRight";
				INFOPLIST_KEY_UISupportedInterfaceOrientations_iPhone = "UIInterfaceOrientationPortrait UIInterfaceOrientationLandscapeLeft UIInterfaceOrientationLandscapeRight";
				LD_RUNPATH_SEARCH_PATHS = (
					"$(inherited)",
					"@executable_path/Frameworks",
				);
				MARKETING_VERSION = 1.0;
				PRODUCT_BUNDLE_IDENTIFIER = com.dimas.ContactJSC;
				PRODUCT_NAME = "$(TARGET_NAME)";
				SWIFT_EMIT_LOC_STRINGS = YES;
				SWIFT_VERSION = 5.0;
				TARGETED_DEVICE_FAMILY = "1,2";
			};
			name = Debug;
		};
		B98CDDAE278D3961008E5B79 /* Release */ = {
			isa = XCBuildConfiguration;
			buildSettings = {
				ASSETCATALOG_COMPILER_APPICON_NAME = AppIcon;
				ASSETCATALOG_COMPILER_GLOBAL_ACCENT_COLOR_NAME = AccentColor;
				CODE_SIGN_STYLE = Automatic;
				CURRENT_PROJECT_VERSION = 1;
				DEVELOPMENT_TEAM = J2XRY9468X;
				GENERATE_INFOPLIST_FILE = YES;
				INFOPLIST_FILE = ContactJSC/Info.plist;
				INFOPLIST_KEY_UIApplicationSupportsIndirectInputEvents = YES;
				INFOPLIST_KEY_UILaunchStoryboardName = LaunchScreen;
				INFOPLIST_KEY_UIMainStoryboardFile = Main;
				INFOPLIST_KEY_UISupportedInterfaceOrientations_iPad = "UIInterfaceOrientationPortrait UIInterfaceOrientationPortraitUpsideDown UIInterfaceOrientationLandscapeLeft UIInterfaceOrientationLandscapeRight";
				INFOPLIST_KEY_UISupportedInterfaceOrientations_iPhone = "UIInterfaceOrientationPortrait UIInterfaceOrientationLandscapeLeft UIInterfaceOrientationLandscapeRight";
				LD_RUNPATH_SEARCH_PATHS = (
					"$(inherited)",
					"@executable_path/Frameworks",
				);
				MARKETING_VERSION = 1.0;
				PRODUCT_BUNDLE_IDENTIFIER = com.dimas.ContactJSC;
				PRODUCT_NAME = "$(TARGET_NAME)";
				SWIFT_EMIT_LOC_STRINGS = YES;
				SWIFT_VERSION = 5.0;
				TARGETED_DEVICE_FAMILY = "1,2";
			};
			name = Release;
		};
/* End XCBuildConfiguration section */

/* Begin XCConfigurationList section */
		B98CDD90278D395F008E5B79 /* Build configuration list for PBXProject "ContactJSC" */ = {
			isa = XCConfigurationList;
			buildConfigurations = (
				B98CDDAA278D3961008E5B79 /* Debug */,
				B98CDDAB278D3961008E5B79 /* Release */,
			);
			defaultConfigurationIsVisible = 0;
			defaultConfigurationName = Release;
		};
		B98CDDAC278D3961008E5B79 /* Build configuration list for PBXNativeTarget "ContactJSC" */ = {
			isa = XCConfigurationList;
			buildConfigurations = (
				B98CDDAD278D3961008E5B79 /* Debug */,
				B98CDDAE278D3961008E5B79 /* Release */,
			);
			defaultConfigurationIsVisible = 0;
			defaultConfigurationName = Release;
		};
/* End XCConfigurationList section */

/* Begin XCVersionGroup section */
		B98CDDA1278D395F008E5B79 /* ContactJSC.xcdatamodeld */ = {
			isa = XCVersionGroup;
			children = (
				B98CDDA2278D395F008E5B79 /* ContactJSC.xcdatamodel */,
			);
			currentVersion = B98CDDA2278D395F008E5B79 /* ContactJSC.xcdatamodel */;
			path = ContactJSC.xcdatamodeld;
			sourceTree = "<group>";
			versionGroupType = wrapper.xcdatamodel;
		};
/* End XCVersionGroup section */
	};
	rootObject = B98CDD8D278D395F008E5B79 /* Project object */;
}
